
Microsoft Visual Studio Solution File, Format Version 12.00
# Visual Studio 15
VisualStudioVersion = 15.0.26124.0
MinimumVisualStudioVersion = 15.0.26124.0
Project("{2150E333-8FDC-42A3-9474-1A3956D46DE8}") = "Code", "Code", "{0951DCEB-5AA3-4F0B-A27C-5DBD03BD0645}"
EndProject
Project("{FAE04EC0-301F-11D3-BF4B-00C04F79EFBC}") = "dotnetMysql.Api", "Code\dotnetMysql.Api\dotnetMysql.Api.csproj", "{E6E467D8-3A35-486C-A07B-B57A193F8089}"
EndProject
Project("{FAE04EC0-301F-11D3-BF4B-00C04F79EFBC}") = "dotnetMysql.Business", "Code\dotnetMysql.Business\dotnetMysql.Business.csproj", "{EAADF971-39C3-4EAA-A147-5207E3FDEAE0}"
EndProject
Project("{FAE04EC0-301F-11D3-BF4B-00C04F79EFBC}") = "dotnetMysql.Data", "Code\dotnetMysql.Data\dotnetMysql.Data.csproj", "{A1A01B61-8A60-4981-ABA8-D5C517C0D9C0}"
EndProject
Project("{FAE04EC0-301F-11D3-BF4B-00C04F79EFBC}") = "dotnetMysql.Entities", "Code\dotnetMysql.Entities\dotnetMysql.Entities.csproj", "{D81A98B5-DF28-4BA3-B5EE-70112D41B86F}"
EndProject
Project("{FAE04EC0-301F-11D3-BF4B-00C04F79EFBC}") = "dotnetMysql.Test.Api", "Code\dotnetMysql.Test.Api\dotnetMysql.Test.Api.csproj", "{45747A11-B6D2-4565-A94D-A9800D53ACE2}"
EndProject
Project("{FAE04EC0-301F-11D3-BF4B-00C04F79EFBC}") = "dotnetMysql.Test.Business", "Code\dotnetMysql.Test.Business\dotnetMysql.Test.Business.csproj", "{E89B4C31-5B84-466C-84B1-292BE6328A8F}"
EndProject
Project("{FAE04EC0-301F-11D3-BF4B-00C04F79EFBC}") = "dotnetMysql.Test.Framework", "Code\dotnetMysql.Test.Framework\dotnetMysql.Test.Framework.csproj", "{8ABC774B-9860-437F-AEC9-4343270C60C7}"
EndProject
Project("{2150E333-8FDC-42A3-9474-1A3956D46DE8}") = "Test", "Test", "{ABD0DF00-EEDB-41B0-92DE-406734B08E47}"
EndProject
Global
	GlobalSection(SolutionConfigurationPlatforms) = preSolution
		Debug|Any CPU = Debug|Any CPU
		Debug|x64 = Debug|x64
		Debug|x86 = Debug|x86
		Release|Any CPU = Release|Any CPU
		Release|x64 = Release|x64
		Release|x86 = Release|x86
	EndGlobalSection
	GlobalSection(SolutionProperties) = preSolution
		HideSolutionNode = FALSE
	EndGlobalSection
	GlobalSection(ProjectConfigurationPlatforms) = postSolution
		{E6E467D8-3A35-486C-A07B-B57A193F8089}.Debug|Any CPU.ActiveCfg = Debug|Any CPU
		{E6E467D8-3A35-486C-A07B-B57A193F8089}.Debug|Any CPU.Build.0 = Debug|Any CPU
		{E6E467D8-3A35-486C-A07B-B57A193F8089}.Debug|x64.ActiveCfg = Debug|Any CPU
		{E6E467D8-3A35-486C-A07B-B57A193F8089}.Debug|x64.Build.0 = Debug|Any CPU
		{E6E467D8-3A35-486C-A07B-B57A193F8089}.Debug|x86.ActiveCfg = Debug|Any CPU
		{E6E467D8-3A35-486C-A07B-B57A193F8089}.Debug|x86.Build.0 = Debug|Any CPU
		{E6E467D8-3A35-486C-A07B-B57A193F8089}.Release|Any CPU.ActiveCfg = Release|Any CPU
		{E6E467D8-3A35-486C-A07B-B57A193F8089}.Release|Any CPU.Build.0 = Release|Any CPU
		{E6E467D8-3A35-486C-A07B-B57A193F8089}.Release|x64.ActiveCfg = Release|Any CPU
		{E6E467D8-3A35-486C-A07B-B57A193F8089}.Release|x64.Build.0 = Release|Any CPU
		{E6E467D8-3A35-486C-A07B-B57A193F8089}.Release|x86.ActiveCfg = Release|Any CPU
		{E6E467D8-3A35-486C-A07B-B57A193F8089}.Release|x86.Build.0 = Release|Any CPU
		{EAADF971-39C3-4EAA-A147-5207E3FDEAE0}.Debug|Any CPU.ActiveCfg = Debug|Any CPU
		{EAADF971-39C3-4EAA-A147-5207E3FDEAE0}.Debug|Any CPU.Build.0 = Debug|Any CPU
		{EAADF971-39C3-4EAA-A147-5207E3FDEAE0}.Debug|x64.ActiveCfg = Debug|Any CPU
		{EAADF971-39C3-4EAA-A147-5207E3FDEAE0}.Debug|x64.Build.0 = Debug|Any CPU
		{EAADF971-39C3-4EAA-A147-5207E3FDEAE0}.Debug|x86.ActiveCfg = Debug|Any CPU
		{EAADF971-39C3-4EAA-A147-5207E3FDEAE0}.Debug|x86.Build.0 = Debug|Any CPU
		{EAADF971-39C3-4EAA-A147-5207E3FDEAE0}.Release|Any CPU.ActiveCfg = Release|Any CPU
		{EAADF971-39C3-4EAA-A147-5207E3FDEAE0}.Release|Any CPU.Build.0 = Release|Any CPU
		{EAADF971-39C3-4EAA-A147-5207E3FDEAE0}.Release|x64.ActiveCfg = Release|Any CPU
		{EAADF971-39C3-4EAA-A147-5207E3FDEAE0}.Release|x64.Build.0 = Release|Any CPU
		{EAADF971-39C3-4EAA-A147-5207E3FDEAE0}.Release|x86.ActiveCfg = Release|Any CPU
		{EAADF971-39C3-4EAA-A147-5207E3FDEAE0}.Release|x86.Build.0 = Release|Any CPU
		{A1A01B61-8A60-4981-ABA8-D5C517C0D9C0}.Debug|Any CPU.ActiveCfg = Debug|Any CPU
		{A1A01B61-8A60-4981-ABA8-D5C517C0D9C0}.Debug|Any CPU.Build.0 = Debug|Any CPU
		{A1A01B61-8A60-4981-ABA8-D5C517C0D9C0}.Debug|x64.ActiveCfg = Debug|Any CPU
		{A1A01B61-8A60-4981-ABA8-D5C517C0D9C0}.Debug|x64.Build.0 = Debug|Any CPU
		{A1A01B61-8A60-4981-ABA8-D5C517C0D9C0}.Debug|x86.ActiveCfg = Debug|Any CPU
		{A1A01B61-8A60-4981-ABA8-D5C517C0D9C0}.Debug|x86.Build.0 = Debug|Any CPU
		{A1A01B61-8A60-4981-ABA8-D5C517C0D9C0}.Release|Any CPU.ActiveCfg = Release|Any CPU
		{A1A01B61-8A60-4981-ABA8-D5C517C0D9C0}.Release|Any CPU.Build.0 = Release|Any CPU
		{A1A01B61-8A60-4981-ABA8-D5C517C0D9C0}.Release|x64.ActiveCfg = Release|Any CPU
		{A1A01B61-8A60-4981-ABA8-D5C517C0D9C0}.Release|x64.Build.0 = Release|Any CPU
		{A1A01B61-8A60-4981-ABA8-D5C517C0D9C0}.Release|x86.ActiveCfg = Release|Any CPU
		{A1A01B61-8A60-4981-ABA8-D5C517C0D9C0}.Release|x86.Build.0 = Release|Any CPU
		{D81A98B5-DF28-4BA3-B5EE-70112D41B86F}.Debug|Any CPU.ActiveCfg = Debug|Any CPU
		{D81A98B5-DF28-4BA3-B5EE-70112D41B86F}.Debug|Any CPU.Build.0 = Debug|Any CPU
		{D81A98B5-DF28-4BA3-B5EE-70112D41B86F}.Debug|x64.ActiveCfg = Debug|Any CPU
		{D81A98B5-DF28-4BA3-B5EE-70112D41B86F}.Debug|x64.Build.0 = Debug|Any CPU
		{D81A98B5-DF28-4BA3-B5EE-70112D41B86F}.Debug|x86.ActiveCfg = Debug|Any CPU
		{D81A98B5-DF28-4BA3-B5EE-70112D41B86F}.Debug|x86.Build.0 = Debug|Any CPU
		{D81A98B5-DF28-4BA3-B5EE-70112D41B86F}.Release|Any CPU.ActiveCfg = Release|Any CPU
		{D81A98B5-DF28-4BA3-B5EE-70112D41B86F}.Release|Any CPU.Build.0 = Release|Any CPU
		{D81A98B5-DF28-4BA3-B5EE-70112D41B86F}.Release|x64.ActiveCfg = Release|Any CPU
		{D81A98B5-DF28-4BA3-B5EE-70112D41B86F}.Release|x64.Build.0 = Release|Any CPU
		{D81A98B5-DF28-4BA3-B5EE-70112D41B86F}.Release|x86.ActiveCfg = Release|Any CPU
		{D81A98B5-DF28-4BA3-B5EE-70112D41B86F}.Release|x86.Build.0 = Release|Any CPU
		{45747A11-B6D2-4565-A94D-A9800D53ACE2}.Debug|Any CPU.ActiveCfg = Debug|Any CPU
		{45747A11-B6D2-4565-A94D-A9800D53ACE2}.Debug|Any CPU.Build.0 = Debug|Any CPU
		{45747A11-B6D2-4565-A94D-A9800D53ACE2}.Debug|x64.ActiveCfg = Debug|Any CPU
		{45747A11-B6D2-4565-A94D-A9800D53ACE2}.Debug|x64.Build.0 = Debug|Any CPU
		{45747A11-B6D2-4565-A94D-A9800D53ACE2}.Debug|x86.ActiveCfg = Debug|Any CPU
		{45747A11-B6D2-4565-A94D-A9800D53ACE2}.Debug|x86.Build.0 = Debug|Any CPU
		{45747A11-B6D2-4565-A94D-A9800D53ACE2}.Release|Any CPU.ActiveCfg = Release|Any CPU
		{45747A11-B6D2-4565-A94D-A9800D53ACE2}.Release|Any CPU.Build.0 = Release|Any CPU
		{45747A11-B6D2-4565-A94D-A9800D53ACE2}.Release|x64.ActiveCfg = Release|Any CPU
		{45747A11-B6D2-4565-A94D-A9800D53ACE2}.Release|x64.Build.0 = Release|Any CPU
		{45747A11-B6D2-4565-A94D-A9800D53ACE2}.Release|x86.ActiveCfg = Release|Any CPU
		{45747A11-B6D2-4565-A94D-A9800D53ACE2}.Release|x86.Build.0 = Release|Any CPU
		{E89B4C31-5B84-466C-84B1-292BE6328A8F}.Debug|Any CPU.ActiveCfg = Debug|Any CPU
		{E89B4C31-5B84-466C-84B1-292BE6328A8F}.Debug|Any CPU.Build.0 = Debug|Any CPU
		{E89B4C31-5B84-466C-84B1-292BE6328A8F}.Debug|x64.ActiveCfg = Debug|Any CPU
		{E89B4C31-5B84-466C-84B1-292BE6328A8F}.Debug|x64.Build.0 = Debug|Any CPU
		{E89B4C31-5B84-466C-84B1-292BE6328A8F}.Debug|x86.ActiveCfg = Debug|Any CPU
		{E89B4C31-5B84-466C-84B1-292BE6328A8F}.Debug|x86.Build.0 = Debug|Any CPU
		{E89B4C31-5B84-466C-84B1-292BE6328A8F}.Release|Any CPU.ActiveCfg = Release|Any CPU
		{E89B4C31-5B84-466C-84B1-292BE6328A8F}.Release|Any CPU.Build.0 = Release|Any CPU
		{E89B4C31-5B84-466C-84B1-292BE6328A8F}.Release|x64.ActiveCfg = Release|Any CPU
		{E89B4C31-5B84-466C-84B1-292BE6328A8F}.Release|x64.Build.0 = Release|Any CPU
		{E89B4C31-5B84-466C-84B1-292BE6328A8F}.Release|x86.ActiveCfg = Release|Any CPU
		{E89B4C31-5B84-466C-84B1-292BE6328A8F}.Release|x86.Build.0 = Release|Any CPU
		{8ABC774B-9860-437F-AEC9-4343270C60C7}.Debug|Any CPU.ActiveCfg = Debug|Any CPU
		{8ABC774B-9860-437F-AEC9-4343270C60C7}.Debug|Any CPU.Build.0 = Debug|Any CPU
		{8ABC774B-9860-437F-AEC9-4343270C60C7}.Debug|x64.ActiveCfg = Debug|Any CPU
		{8ABC774B-9860-437F-AEC9-4343270C60C7}.Debug|x64.Build.0 = Debug|Any CPU
		{8ABC774B-9860-437F-AEC9-4343270C60C7}.Debug|x86.ActiveCfg = Debug|Any CPU
		{8ABC774B-9860-437F-AEC9-4343270C60C7}.Debug|x86.Build.0 = Debug|Any CPU
		{8ABC774B-9860-437F-AEC9-4343270C60C7}.Release|Any CPU.ActiveCfg = Release|Any CPU
		{8ABC774B-9860-437F-AEC9-4343270C60C7}.Release|Any CPU.Build.0 = Release|Any CPU
		{8ABC774B-9860-437F-AEC9-4343270C60C7}.Release|x64.ActiveCfg = Release|Any CPU
		{8ABC774B-9860-437F-AEC9-4343270C60C7}.Release|x64.Build.0 = Release|Any CPU
		{8ABC774B-9860-437F-AEC9-4343270C60C7}.Release|x86.ActiveCfg = Release|Any CPU
		{8ABC774B-9860-437F-AEC9-4343270C60C7}.Release|x86.Build.0 = Release|Any CPU
	EndGlobalSection
	GlobalSection(NestedProjects) = preSolution
		{E6E467D8-3A35-486C-A07B-B57A193F8089} = {0951DCEB-5AA3-4F0B-A27C-5DBD03BD0645}
		{EAADF971-39C3-4EAA-A147-5207E3FDEAE0} = {0951DCEB-5AA3-4F0B-A27C-5DBD03BD0645}
		{A1A01B61-8A60-4981-ABA8-D5C517C0D9C0} = {0951DCEB-5AA3-4F0B-A27C-5DBD03BD0645}
		{D81A98B5-DF28-4BA3-B5EE-70112D41B86F} = {0951DCEB-5AA3-4F0B-A27C-5DBD03BD0645}
		{45747A11-B6D2-4565-A94D-A9800D53ACE2} = {ABD0DF00-EEDB-41B0-92DE-406734B08E47}
		{E89B4C31-5B84-466C-84B1-292BE6328A8F} = {ABD0DF00-EEDB-41B0-92DE-406734B08E47}
		{8ABC774B-9860-437F-AEC9-4343270C60C7} = {ABD0DF00-EEDB-41B0-92DE-406734B08E47}
	EndGlobalSection
EndGlobal
